
Microsoft Visual Studio Solution File, Format Version 12.00
# Visual Studio Version 17
VisualStudioVersion = 17.6.33829.357
MinimumVisualStudioVersion = 10.0.40219.1
Project("{FAE04EC0-301F-11D3-BF4B-00C04F79EFBC}") = "fillinCalk", "fillinCalk\fillinCalk.csproj", "{3E891C9B-62C4-485F-A0FA-5E5198EA6CC6}"
EndProject
Global
	GlobalSection(SolutionConfigurationPlatforms) = preSolution
		Debug|Any CPU = Debug|Any CPU
		Release|Any CPU = Release|Any CPU
	EndGlobalSection
	GlobalSection(ProjectConfigurationPlatforms) = postSolution
		{3E891C9B-62C4-485F-A0FA-5E5198EA6CC6}.Debug|Any CPU.ActiveCfg = Debug|Any CPU
		{3E891C9B-62C4-485F-A0FA-5E5198EA6CC6}.Debug|Any CPU.Build.0 = Debug|Any CPU
		{3E891C9B-62C4-485F-A0FA-5E5198EA6CC6}.Release|Any CPU.ActiveCfg = Release|Any CPU
		{3E891C9B-62C4-485F-A0FA-5E5198EA6CC6}.Release|Any CPU.Build.0 = Release|Any CPU
	EndGlobalSection
	GlobalSection(SolutionProperties) = preSolution
		HideSolutionNode = FALSE
	EndGlobalSection
	GlobalSection(ExtensibilityGlobals) = postSolution
		SolutionGuid = {54B195F1-C87B-447C-9F7C-E1D0E63A9214}
	EndGlobalSection
EndGlobal
